
Microsoft Visual Studio Solution File, Format Version 12.00
# Visual Studio 15
VisualStudioVersion = 15.0.28307.572
MinimumVisualStudioVersion = 10.0.40219.1
Project("{FAE04EC0-301F-11D3-BF4B-00C04F79EFBC}") = "neo4j", "neo4j\neo4j.csproj", "{277437D3-9754-471B-A14F-14A1B263047E}"
EndProject
Global
	GlobalSection(SolutionConfigurationPlatforms) = preSolution
		Debug|Any CPU = Debug|Any CPU
		Release|Any CPU = Release|Any CPU
	EndGlobalSection
	GlobalSection(ProjectConfigurationPlatforms) = postSolution
		{277437D3-9754-471B-A14F-14A1B263047E}.Debug|Any CPU.ActiveCfg = Debug|Any CPU
		{277437D3-9754-471B-A14F-14A1B263047E}.Debug|Any CPU.Build.0 = Debug|Any CPU
		{277437D3-9754-471B-A14F-14A1B263047E}.Release|Any CPU.ActiveCfg = Release|Any CPU
		{277437D3-9754-471B-A14F-14A1B263047E}.Release|Any CPU.Build.0 = Release|Any CPU
	EndGlobalSection
	GlobalSection(SolutionProperties) = preSolution
		HideSolutionNode = FALSE
	EndGlobalSection
	GlobalSection(ExtensibilityGlobals) = postSolution
		SolutionGuid = {05405F7A-05FE-434B-B6BD-16EAB9335C31}
	EndGlobalSection
EndGlobal
